
Microsoft Visual Studio Solution File, Format Version 12.00
# Visual Studio Version 17
VisualStudioVersion = 17.9.34701.34
MinimumVisualStudioVersion = 10.0.40219.1
Project("{FAE04EC0-301F-11D3-BF4B-00C04F79EFBC}") = "HealthCheck.Application", "HealthCheck.Application\HealthCheck.Application.csproj", "{B6AAC0E8-5F9C-41B6-BB5A-8E852049E26F}"
EndProject
Global
	GlobalSection(SolutionConfigurationPlatforms) = preSolution
		Debug|Any CPU = Debug|Any CPU
		Release|Any CPU = Release|Any CPU
	EndGlobalSection
	GlobalSection(ProjectConfigurationPlatforms) = postSolution
		{B6AAC0E8-5F9C-41B6-BB5A-8E852049E26F}.Debug|Any CPU.ActiveCfg = Debug|Any CPU
		{B6AAC0E8-5F9C-41B6-BB5A-8E852049E26F}.Debug|Any CPU.Build.0 = Debug|Any CPU
		{B6AAC0E8-5F9C-41B6-BB5A-8E852049E26F}.Release|Any CPU.ActiveCfg = Release|Any CPU
		{B6AAC0E8-5F9C-41B6-BB5A-8E852049E26F}.Release|Any CPU.Build.0 = Release|Any CPU
	EndGlobalSection
	GlobalSection(SolutionProperties) = preSolution
		HideSolutionNode = FALSE
	EndGlobalSection
	GlobalSection(ExtensibilityGlobals) = postSolution
		SolutionGuid = {C8B5F213-A554-4783-AB35-414AC64A267C}
	EndGlobalSection
EndGlobal
